
Microsoft Visual Studio Solution File, Format Version 12.00
# Visual Studio Version 16
VisualStudioVersion = 16.0.30717.126
MinimumVisualStudioVersion = 10.0.40219.1
Project("{FAE04EC0-301F-11D3-BF4B-00C04F79EFBC}") = "tp22", "tp22\tp22.csproj", "{C5686876-14BA-4A6F-9E5D-019521C4DD0C}"
EndProject
Global
	GlobalSection(SolutionConfigurationPlatforms) = preSolution
		Debug|Any CPU = Debug|Any CPU
		Release|Any CPU = Release|Any CPU
	EndGlobalSection
	GlobalSection(ProjectConfigurationPlatforms) = postSolution
		{C5686876-14BA-4A6F-9E5D-019521C4DD0C}.Debug|Any CPU.ActiveCfg = Debug|Any CPU
		{C5686876-14BA-4A6F-9E5D-019521C4DD0C}.Debug|Any CPU.Build.0 = Debug|Any CPU
		{C5686876-14BA-4A6F-9E5D-019521C4DD0C}.Release|Any CPU.ActiveCfg = Release|Any CPU
		{C5686876-14BA-4A6F-9E5D-019521C4DD0C}.Release|Any CPU.Build.0 = Release|Any CPU
	EndGlobalSection
	GlobalSection(SolutionProperties) = preSolution
		HideSolutionNode = FALSE
	EndGlobalSection
	GlobalSection(ExtensibilityGlobals) = postSolution
		SolutionGuid = {4D36F720-8333-41E1-B0A9-65E7932D154F}
	EndGlobalSection
EndGlobal
